
Microsoft Visual Studio Solution File, Format Version 12.00
# Visual Studio Version 16
VisualStudioVersion = 16.0.29613.14
MinimumVisualStudioVersion = 10.0.40219.1
Project("{FAE04EC0-301F-11D3-BF4B-00C04F79EFBC}") = "IHostedServiceDemo", "IHostedServiceDemo.csproj", "{C8032901-3E91-41ED-965A-D6DB912F4E18}"
EndProject
Global
	GlobalSection(SolutionConfigurationPlatforms) = preSolution
		Debug|Any CPU = Debug|Any CPU
		Release|Any CPU = Release|Any CPU
	EndGlobalSection
	GlobalSection(ProjectConfigurationPlatforms) = postSolution
		{C8032901-3E91-41ED-965A-D6DB912F4E18}.Debug|Any CPU.ActiveCfg = Debug|Any CPU
		{C8032901-3E91-41ED-965A-D6DB912F4E18}.Debug|Any CPU.Build.0 = Debug|Any CPU
		{C8032901-3E91-41ED-965A-D6DB912F4E18}.Release|Any CPU.ActiveCfg = Release|Any CPU
		{C8032901-3E91-41ED-965A-D6DB912F4E18}.Release|Any CPU.Build.0 = Release|Any CPU
	EndGlobalSection
	GlobalSection(SolutionProperties) = preSolution
		HideSolutionNode = FALSE
	EndGlobalSection
	GlobalSection(ExtensibilityGlobals) = postSolution
		SolutionGuid = {A325C9AB-A011-4549-9369-2E9E8F77145C}
	EndGlobalSection
EndGlobal
